schema: '2.0'
stages:
  preprocess:
    cmd: python scripts/preprocess.py
    deps:
    - path: dataset
      hash: md5
      md5: 48900e618890f4ce97201d1592d45045.dir
      size: 172904892
      nfiles: 3
    params:
      params.yaml:
        preprocess:
          sequence_length: 200
    outs:
    - path: outputs/preprocess
      hash: md5
      md5: 3bdc63464e8f4308c532bc445db561af.dir
      size: 1555447879
      nfiles: 8
  train:
    cmd: python scripts/train.py
    deps:
    - path: outputs/preprocess
      hash: md5
      md5: 3bdc63464e8f4308c532bc445db561af.dir
      size: 1555447879
      nfiles: 8
    params:
      params.yaml:
        train:
          embedding_dim: 50
          loss_function: binary_crossentropy
          optimizer: adam
          metrics:
          - accuracy
          batch_size: 5000
          epochs: 2
    outs:
    - path: outputs/train
      hash: md5
      md5: bf6610c35ed9dc813afb2fdd27ebd39c.dir
      size: 5472653
      nfiles: 2
  evaluate:
    cmd: python scripts/evaluate.py
    deps:
    - path: outputs/preprocess
      hash: md5
      md5: 3bdc63464e8f4308c532bc445db561af.dir
      size: 1555447879
      nfiles: 8
    - path: outputs/train
      hash: md5
      md5: bf6610c35ed9dc813afb2fdd27ebd39c.dir
      size: 5472653
      nfiles: 2
    params:
      params.yaml:
        evaluate:
          slice: 1000
          batch_size: 50
    outs:
    - path: outputs/evaluate/conf_matrix.png
      hash: md5
      md5: 6f99eb9a252cdd7d21b395c56a324236
      size: 18550
    - path: outputs/evaluate/metrics.json
      hash: md5
      md5: 7149c93a56d9e1cf362e9dd8f7a31db9
      size: 548
    - path: outputs/evaluate/roc_curve.png
      hash: md5
      md5: 15423cf46c58b795470bbecfe98406a0
      size: 21462
  mutamorphic_preprocess:
    cmd: python scripts/mutamorphic/preprocess.py
    deps:
    - path: dataset/test.txt
      hash: md5
      md5: a1cab28ad8554fd9269d31e5708469d0
      size: 32724891
    outs:
    - path: outputs/mutamorphic/x_test.joblib
      hash: md5
      md5: 1eb2cfe55c6dd2eb4a8991b2197c8a93
      size: 291358641
  mutamorphic_evaluate:
    cmd: python scripts/mutamorphic/evaluate.py
    deps:
    - path: outputs/mutamorphic/x_test.joblib
      hash: md5
      md5: 1eb2cfe55c6dd2eb4a8991b2197c8a93
      size: 291358641
    - path: outputs/preprocess/y_test.joblib
      hash: md5
      md5: cb123d0b96613ac4fa75532d76b3478a
      size: 2913833
    - path: outputs/train/model.keras
      hash: md5
      md5: 5ba537477f25baa5702ea6b1309dabe9
      size: 5472435
    params:
      params.yaml:
        evaluate:
          slice: 1000
          batch_size: 50
    outs:
    - path: outputs/mutamorphic/conf_matrix.png
      hash: md5
      md5: bb41d375d3e7aa11ce13b3d0ec93dd70
      size: 22141
    - path: outputs/mutamorphic/metrics.json
      hash: md5
      md5: 6f40c9e6303c533e1e3281b79aecc7d2
      size: 550
    - path: outputs/mutamorphic/roc_curve.png
      hash: md5
      md5: 8afad94285374f2f3f37bb02ea8f7da5
      size: 25068
